
Microsoft Visual Studio Solution File, Format Version 12.00
# Visual Studio Version 16
VisualStudioVersion = 16.0.30717.126
MinimumVisualStudioVersion = 10.0.40219.1
Project("{FAE04EC0-301F-11D3-BF4B-00C04F79EFBC}") = "DataStructureUsingBinarySearchTree", "DataStructureUsingBinarySearchTree\DataStructureUsingBinarySearchTree.csproj", "{5D8AEEA6-12CD-4159-A5BB-E34A327F9900}"
EndProject
Global
	GlobalSection(SolutionConfigurationPlatforms) = preSolution
		Debug|Any CPU = Debug|Any CPU
		Release|Any CPU = Release|Any CPU
	EndGlobalSection
	GlobalSection(ProjectConfigurationPlatforms) = postSolution
		{5D8AEEA6-12CD-4159-A5BB-E34A327F9900}.Debug|Any CPU.ActiveCfg = Debug|Any CPU
		{5D8AEEA6-12CD-4159-A5BB-E34A327F9900}.Debug|Any CPU.Build.0 = Debug|Any CPU
		{5D8AEEA6-12CD-4159-A5BB-E34A327F9900}.Release|Any CPU.ActiveCfg = Release|Any CPU
		{5D8AEEA6-12CD-4159-A5BB-E34A327F9900}.Release|Any CPU.Build.0 = Release|Any CPU
	EndGlobalSection
	GlobalSection(SolutionProperties) = preSolution
		HideSolutionNode = FALSE
	EndGlobalSection
	GlobalSection(ExtensibilityGlobals) = postSolution
		SolutionGuid = {5C73DCD8-8B5C-46B4-B26C-F4DE7A1717E6}
	EndGlobalSection
EndGlobal
